<?xml version="1.0" encoding="utf-8"?>
<Project ToolsVersion="4.0" xmlns="http://schemas.microsoft.com/developer/msbuild/2003">
  <ItemGroup>
    <Filter Include="win32">
      <UniqueIdentifier>{84a8ebd7-7cf0-47f6-b75e-d441df67da40}</UniqueIdentifier>
    </Filter>
    <Filter Include="resource">
      <UniqueIdentifier>{715254bc-d70b-4ec5-bf29-467dd3ace079}</UniqueIdentifier>
    </Filter>
    <Filter Include="src">
      <UniqueIdentifier>{bb6c862e-70e9-49d9-81b7-3829a6f50471}</UniqueIdentifier>
    </Filter>
    <Filter Include="src\Utils">
      <UniqueIdentifier>{d11e09d1-c309-492f-b1ec-5a357bfed652}</UniqueIdentifier>
    </Filter>
    <Filter Include="src\Input">
      <UniqueIdentifier>{a0c45887-ca1e-4839-a421-3abca7ef2662}</UniqueIdentifier>
    </Filter>
    <Filter Include="src\Input\InputTypes">
      <UniqueIdentifier>{3ffbecca-548c-4f15-8b03-724a708e3d5b}</UniqueIdentifier>
    </Filter>
    <Filter Include="src\Input\InputTypes\Keyboard">
      <UniqueIdentifier>{f75871d4-dcb6-4772-b853-1f05195785db}</UniqueIdentifier>
    </Filter>
    <Filter Include="src\Input\InputTypes\Mouse">
      <UniqueIdentifier>{206068aa-305c-447a-a764-099d3ec4119c}</UniqueIdentifier>
    </Filter>
    <Filter Include="src\Input\InputTypes\GameController">
      <UniqueIdentifier>{8af7186f-c495-4f57-a175-eb64949651a3}</UniqueIdentifier>
    </Filter>
    <Filter Include="src\World">
      <UniqueIdentifier>{d88d87d9-71b5-432c-87b5-83bf700c89da}</UniqueIdentifier>
    </Filter>
    <Filter Include="src\World\Entity">
      <UniqueIdentifier>{b5115797-b4a1-4833-a8be-056db0fd956c}</UniqueIdentifier>
    </Filter>
    <Filter Include="src\World\Entity\Player">
      <UniqueIdentifier>{734dc60e-62e7-4257-b899-ece5e08871a6}</UniqueIdentifier>
    </Filter>
    <Filter Include="src\World\Entity\Components">
      <UniqueIdentifier>{c5bc50c9-245f-457f-ba25-1ec257431706}</UniqueIdentifier>
    </Filter>
    <Filter Include="src\World\Entity\CustomActions">
      <UniqueIdentifier>{5cd679f1-a500-4cda-bf56-26c7dc7244e9}</UniqueIdentifier>
    </Filter>
    <Filter Include="src\World\Entity\AI">
      <UniqueIdentifier>{76963597-271b-41b9-987c-b327d9b13d64}</UniqueIdentifier>
    </Filter>
    <Filter Include="src\World\Entity\AI\StateMachine">
      <UniqueIdentifier>{03d5ddab-0a16-42a4-af4d-af5b747fd45e}</UniqueIdentifier>
    </Filter>
    <Filter Include="src\World\Entity\AI\StateMachine\States">
      <UniqueIdentifier>{dcd833f8-9a73-45fa-8a1f-385d687b6c96}</UniqueIdentifier>
    </Filter>
    <Filter Include="src\Utils\XML">
      <UniqueIdentifier>{db420575-c042-44ec-a9e9-970536e6c990}</UniqueIdentifier>
    </Filter>
    <Filter Include="src\World\Physics">
      <UniqueIdentifier>{6e0cdc4d-6d35-4890-a1fd-7ed05b502dd0}</UniqueIdentifier>
    </Filter>
    <Filter Include="src\UI">
      <UniqueIdentifier>{85337072-40c3-4f82-ae68-7a6ebaac54b8}</UniqueIdentifier>
    </Filter>
    <Filter Include="src\UI\InGameIndicators">
      <UniqueIdentifier>{c2b53128-5850-45b2-b177-0be2d4231c4e}</UniqueIdentifier>
    </Filter>
    <Filter Include="src\Events">
      <UniqueIdentifier>{301eeaac-0e7a-439b-8505-c8e22b6c876a}</UniqueIdentifier>
    </Filter>
    <Filter Include="src\3rdParty">
      <UniqueIdentifier>{367aa1f2-478b-4c8b-9b3a-e8f63d5aef7d}</UniqueIdentifier>
    </Filter>
    <Filter Include="src\3rdParty\Physics">
      <UniqueIdentifier>{bec094be-3bb9-48bc-b2f4-b2d214d3bf7b}</UniqueIdentifier>
    </Filter>
    <Filter Include="src\Camera">
      <UniqueIdentifier>{59ccabd4-f80f-46b8-aa87-8267bee51c36}</UniqueIdentifier>
    </Filter>
    <Filter Include="src\Camera\Components">
      <UniqueIdentifier>{6ff2dffd-42de-41db-89a1-1072e9a7fb9c}</UniqueIdentifier>
    </Filter>
    <Filter Include="src\Camera\CameraShake">
      <UniqueIdentifier>{9c0c0689-c21f-4916-bd2d-528ee6f59996}</UniqueIdentifier>
    </Filter>
    <Filter Include="src\World\Entity\Components\Attack">
      <UniqueIdentifier>{87bcc9a2-7914-4a62-8ab7-8a85ef7f8fe5}</UniqueIdentifier>
    </Filter>
    <Filter Include="src\Scenes">
      <UniqueIdentifier>{eaeac63c-d628-47f7-8e87-e3ce011e8e72}</UniqueIdentifier>
    </Filter>
    <Filter Include="src\ScoringSystem">
      <UniqueIdentifier>{0dc95cfd-26aa-4df9-8db4-bf9e9e4beb4c}</UniqueIdentifier>
    </Filter>
    <Filter Include="src\World\Entity\AI\StateMachine\States\Attack">
      <UniqueIdentifier>{8b094665-2a2a-4607-aa73-b27d32a85614}</UniqueIdentifier>
    </Filter>
    <Filter Include="src\World\Projectiles">
      <UniqueIdentifier>{876d494f-1c61-4cb7-afbc-f03392f32742}</UniqueIdentifier>
    </Filter>
    <Filter Include="src\World\Entity\CustomActions\AI">
      <UniqueIdentifier>{91f8a333-82b9-4d93-a3b6-bf04aea74fe0}</UniqueIdentifier>
    </Filter>
  </ItemGroup>
  <ItemGroup>
    <ClCompile Include="main.cpp">
      <Filter>win32</Filter>
    </ClCompile>
    <ClCompile Include="..\Classes\AppDelegate.cpp">
      <Filter>src</Filter>
    </ClCompile>
    <ClCompile Include="..\Classes\Utils\Utils.cpp">
      <Filter>src\Utils</Filter>
    </ClCompile>
    <ClCompile Include="..\Classes\Utils\AnimationUtils.cpp">
      <Filter>src\Utils</Filter>
    </ClCompile>
    <ClCompile Include="..\Classes\Input\GameInput.cpp">
      <Filter>src\Input</Filter>
    </ClCompile>
    <ClCompile Include="..\Classes\Input\InputTypes\Keyboard\KeyboardInput.cpp">
      <Filter>src\Input\InputTypes\Keyboard</Filter>
    </ClCompile>
    <ClCompile Include="..\Classes\Input\InputTypes\Mouse\MouseInput.cpp">
      <Filter>src\Input\InputTypes\Mouse</Filter>
    </ClCompile>
    <ClCompile Include="..\Classes\Input\InputTypes\AInputDevice.cpp">
      <Filter>src\Input\InputTypes</Filter>
    </ClCompile>
    <ClCompile Include="..\Classes\Input\InputTypes\GameController\GameControllerInput.cpp">
      <Filter>src\Input\InputTypes\GameController</Filter>
    </ClCompile>
    <ClCompile Include="..\Classes\World\World.cpp">
      <Filter>src\World</Filter>
    </ClCompile>
    <ClCompile Include="..\Classes\World\Entity\AI\AIAgent.cpp">
      <Filter>src\World\Entity\AI</Filter>
    </ClCompile>
    <ClCompile Include="..\Classes\World\Entity\AI\StateMachine\StateMachine.cpp">
      <Filter>src\World\Entity\AI\StateMachine</Filter>
    </ClCompile>
    <ClCompile Include="..\Classes\World\Entity\AI\StateMachine\States\StateChase.cpp">
      <Filter>src\World\Entity\AI\StateMachine\States</Filter>
    </ClCompile>
    <ClCompile Include="..\Classes\World\Entity\Player\Player.cpp">
      <Filter>src\World\Entity\Player</Filter>
    </ClCompile>
    <ClCompile Include="..\Classes\World\Entity\Entity.cpp">
      <Filter>src\World\Entity</Filter>
    </ClCompile>
    <ClCompile Include="..\Classes\World\Entity\AI\AIAgentManager.cpp">
      <Filter>src\World\Entity\AI</Filter>
    </ClCompile>
    <ClCompile Include="..\Classes\Utils\XML\XMLLoader.cpp">
      <Filter>src\Utils\XML</Filter>
    </ClCompile>
    <ClCompile Include="..\Classes\World\Entity\Components\MirrorSpriteComponent.cpp">
      <Filter>src\World\Entity\Components</Filter>
    </ClCompile>
    <ClCompile Include="..\Classes\World\Entity\CustomActions\CameraFallow.cpp">
      <Filter>src\World\Entity\CustomActions</Filter>
    </ClCompile>
    <ClCompile Include="..\Classes\World\Entity\AI\StateMachine\States\StatePatrol.cpp">
      <Filter>src\World\Entity\AI\StateMachine\States</Filter>
    </ClCompile>
    <ClCompile Include="..\Classes\World\Physics\PhysicsManager.cpp">
      <Filter>src\World\Physics</Filter>
    </ClCompile>
    <ClCompile Include="..\Classes\World\Physics\PhysicsBodyConfig.cpp">
      <Filter>src\World\Physics</Filter>
    </ClCompile>
    <ClCompile Include="..\Classes\UI\UIElementConfig.cpp">
      <Filter>src\UI</Filter>
    </ClCompile>
    <ClCompile Include="..\Classes\UI\InGameIndicators\ProgressBar.cpp">
      <Filter>src\UI\InGameIndicators</Filter>
    </ClCompile>
    <ClCompile Include="..\Classes\3rdParty\Physics\PhysicsShapeCache.cpp">
      <Filter>src\3rdParty\Physics</Filter>
    </ClCompile>
    <ClCompile Include="..\Classes\World\Entity\Components\AnimComponent.cpp">
      <Filter>src\World\Entity\Components</Filter>
    </ClCompile>
    <ClCompile Include="..\Classes\Events\ProgressBarChangedEventData.cpp">
      <Filter>src\Events</Filter>
    </ClCompile>
    <ClCompile Include="..\Classes\Events\OnCollisionBeginEventData.cpp">
      <Filter>src\Events</Filter>
    </ClCompile>
    <ClCompile Include="..\Classes\Events\AEventData.cpp">
      <Filter>src\Events</Filter>
    </ClCompile>
    <ClCompile Include="..\Classes\Camera\Camera.cpp">
      <Filter>src\Camera</Filter>
    </ClCompile>
    <ClCompile Include="..\Classes\Camera\Components\CameraShake.cpp">
      <Filter>src\Camera\Components</Filter>
    </ClCompile>
    <ClCompile Include="..\Classes\Camera\CameraShake\CameraShakeTrigger.cpp">
      <Filter>src\Camera\CameraShake</Filter>
    </ClCompile>
    <ClCompile Include="..\Classes\World\Entity\AI\StateMachine\States\StateIdle.cpp">
      <Filter>src\World\Entity\AI\StateMachine\States</Filter>
    </ClCompile>
    <ClCompile Include="..\Classes\World\Entity\AI\StateMachine\States\AState.cpp">
      <Filter>src\World\Entity\AI\StateMachine\States</Filter>
    </ClCompile>
    <ClCompile Include="..\Classes\World\Entity\Components\Attack\LongSwordAttackComponent.cpp">
      <Filter>src\World\Entity\Components\Attack</Filter>
    </ClCompile>
    <ClCompile Include="..\Classes\World\Entity\Components\Attack\RangedAttackComponent.cpp">
      <Filter>src\World\Entity\Components\Attack</Filter>
    </ClCompile>
    <ClCompile Include="..\Classes\World\Entity\Components\Attack\HitAttackComponent.cpp">
      <Filter>src\World\Entity\Components\Attack</Filter>
    </ClCompile>
    <ClCompile Include="..\Classes\World\Entity\AI\StateMachine\States\StateSignaling.cpp">
      <Filter>src\World\Entity\AI\StateMachine\States</Filter>
    </ClCompile>
    <ClCompile Include="..\Classes\World\Entity\AI\StateMachine\States\StatePause.cpp">
      <Filter>src\World\Entity\AI\StateMachine\States</Filter>
    </ClCompile>
    <ClCompile Include="..\Classes\World\Entity\AI\SpawnPoint.cpp">
      <Filter>src\World\Entity\AI</Filter>
    </ClCompile>
    <ClCompile Include="..\Classes\World\Entity\AI\SpawnPointConfig.cpp">
      <Filter>src\World\Entity\AI</Filter>
    </ClCompile>
    <ClCompile Include="..\Classes\Scenes\GameScene.cpp">
      <Filter>src\Scenes</Filter>
    </ClCompile>
    <ClCompile Include="..\Classes\Scenes\MainMenuScene.cpp">
      <Filter>src\Scenes</Filter>
    </ClCompile>
    <ClCompile Include="..\Classes\Scenes\GameOverScene.cpp">
      <Filter>src\Scenes</Filter>
    </ClCompile>
    <ClCompile Include="..\Classes\ScoringSystem\ScoringSystem.cpp">
      <Filter>src\ScoringSystem</Filter>
    </ClCompile>
    <ClCompile Include="..\Classes\World\Entity\AI\StateMachine\States\Attack\StateLineAttack.cpp">
      <Filter>src\World\Entity\AI\StateMachine\States\Attack</Filter>
    </ClCompile>
    <ClCompile Include="..\Classes\World\Entity\AI\StateMachine\States\Attack\StateAttack.cpp">
      <Filter>src\World\Entity\AI\StateMachine\States\Attack</Filter>
    </ClCompile>
    <ClCompile Include="..\Classes\World\Entity\Components\Attack\GenericAttackComponent.cpp">
      <Filter>src\World\Entity\Components\Attack</Filter>
    </ClCompile>
    <ClCompile Include="..\Classes\World\Projectiles\Projectile.cpp">
      <Filter>src\World\Projectiles</Filter>
    </ClCompile>
    <ClCompile Include="..\Classes\World\Projectiles\ProjectileConfig.cpp">
      <Filter>src\World\Projectiles</Filter>
    </ClCompile>
    <ClCompile Include="..\Classes\World\Entity\CustomActions\ActionSequence.cpp">
      <Filter>src\World\Entity\CustomActions</Filter>
    </ClCompile>
    <ClCompile Include="..\Classes\World\Entity\CustomActions\AI\AIAvoidTargetAction.cpp">
      <Filter>src\World\Entity\CustomActions\AI</Filter>
    </ClCompile>
    <ClCompile Include="..\Classes\Scenes\LoadingScreenScene.cpp">
      <Filter>src\Scenes</Filter>
    </ClCompile>
    <ClCompile Include="..\Classes\World\Entity\AI\StateMachine\States\StateAvoid.cpp">
      <Filter>src\World\Entity\AI\StateMachine\States</Filter>
    </ClCompile>
    <ClCompile Include="..\Classes\World\Entity\AI\StateMachine\States\StateIsPlayerClose.cpp" />
    <ClCompile Include="..\Classes\World\Entity\Animation\LSAnimation.cpp" />
    <ClCompile Include="..\Classes\World\Entity\CustomActions\LSAnimate.cpp" />
    <ClCompile Include="..\Classes\World\Entity\Components\LookAtAITargetComponent.cpp" />
  </ItemGroup>
  <ItemGroup>
    <ClInclude Include="main.h">
      <Filter>win32</Filter>
    </ClInclude>
    <ClInclude Include="..\Classes\AppDelegate.h">
      <Filter>src</Filter>
    </ClInclude>
    <ClInclude Include="..\Classes\Utils\Utils.h">
      <Filter>src\Utils</Filter>
    </ClInclude>
    <ClInclude Include="..\Classes\GameConsts.h">
      <Filter>src</Filter>
    </ClInclude>
    <ClInclude Include="..\Classes\Utils\AnimationUtils.h">
      <Filter>src\Utils</Filter>
    </ClInclude>
    <ClInclude Include="..\Classes\Input\GameInput.h">
      <Filter>src\Input</Filter>
    </ClInclude>
    <ClInclude Include="..\Classes\Input\InputTypes\Keyboard\KeyboardInput.h">
      <Filter>src\Input\InputTypes\Keyboard</Filter>
    </ClInclude>
    <ClInclude Include="..\Classes\Input\InputTypes\Mouse\MouseInput.h">
      <Filter>src\Input\InputTypes\Mouse</Filter>
    </ClInclude>
    <ClInclude Include="..\Classes\Input\InputTypes\AInputDevice.h">
      <Filter>src\Input\InputTypes</Filter>
    </ClInclude>
    <ClInclude Include="..\Classes\Input\InputTypes\GameController\GameControllerInput.h">
      <Filter>src\Input\InputTypes\GameController</Filter>
    </ClInclude>
    <ClInclude Include="..\Classes\World\World.h">
      <Filter>src\World</Filter>
    </ClInclude>
    <ClInclude Include="..\Classes\World\Entity\AI\AIAgent.h">
      <Filter>src\World\Entity\AI</Filter>
    </ClInclude>
    <ClInclude Include="..\Classes\World\Entity\AI\StateMachine\StateMachine.h">
      <Filter>src\World\Entity\AI\StateMachine</Filter>
    </ClInclude>
    <ClInclude Include="..\Classes\World\Entity\AI\StateMachine\States\StateChase.h">
      <Filter>src\World\Entity\AI\StateMachine\States</Filter>
    </ClInclude>
    <ClInclude Include="..\Classes\World\Entity\Player\Player.h">
      <Filter>src\World\Entity\Player</Filter>
    </ClInclude>
    <ClInclude Include="..\Classes\World\Entity\Entity.h">
      <Filter>src\World\Entity</Filter>
    </ClInclude>
    <ClInclude Include="..\Classes\World\Entity\AI\AIAgentManager.h">
      <Filter>src\World\Entity\AI</Filter>
    </ClInclude>
    <ClInclude Include="..\Classes\Utils\XML\XMLLoader.h">
      <Filter>src\Utils\XML</Filter>
    </ClInclude>
    <ClInclude Include="..\Classes\Utils\XML\XMLConsts.h">
      <Filter>src\Utils\XML</Filter>
    </ClInclude>
    <ClInclude Include="..\Classes\World\Entity\Components\MirrorSpriteComponent.h">
      <Filter>src\World\Entity\Components</Filter>
    </ClInclude>
    <ClInclude Include="..\Classes\World\Entity\CustomActions\CameraFallow.h">
      <Filter>src\World\Entity\CustomActions</Filter>
    </ClInclude>
    <ClInclude Include="..\Classes\World\Entity\AI\StateMachine\States\StatePatrol.h">
      <Filter>src\World\Entity\AI\StateMachine\States</Filter>
    </ClInclude>
    <ClInclude Include="..\Classes\World\Physics\PhysicsManager.h">
      <Filter>src\World\Physics</Filter>
    </ClInclude>
    <ClInclude Include="..\Classes\World\Physics\PhysicsBodyConfig.h">
      <Filter>src\World\Physics</Filter>
    </ClInclude>
    <ClInclude Include="..\Classes\UI\UIElementConfig.h">
      <Filter>src\UI</Filter>
    </ClInclude>
    <ClInclude Include="..\Classes\UI\InGameIndicators\ProgressBar.h">
      <Filter>src\UI\InGameIndicators</Filter>
    </ClInclude>
    <ClInclude Include="..\Classes\3rdParty\Physics\PhysicsShapeCache.h">
      <Filter>src\3rdParty\Physics</Filter>
    </ClInclude>
    <ClInclude Include="..\Classes\LightSoulsTypes.h">
      <Filter>src</Filter>
    </ClInclude>
    <ClInclude Include="..\Classes\World\Entity\Components\AnimComponent.h">
      <Filter>src\World\Entity\Components</Filter>
    </ClInclude>
    <ClInclude Include="..\Classes\Events\ProgressBarChangedEventData.h">
      <Filter>src\Events</Filter>
    </ClInclude>
    <ClInclude Include="..\Classes\Events\OnCollisionBeginEventData.h">
      <Filter>src\Events</Filter>
    </ClInclude>
    <ClInclude Include="..\Classes\Events\AEventData.h">
      <Filter>src\Events</Filter>
    </ClInclude>
    <ClInclude Include="..\Classes\Camera\Camera.h">
      <Filter>src\Camera</Filter>
    </ClInclude>
    <ClInclude Include="..\Classes\Camera\Components\CameraShake.h">
      <Filter>src\Camera\Components</Filter>
    </ClInclude>
    <ClInclude Include="..\Classes\Camera\CameraShake\CameraShakeTrigger.h">
      <Filter>src\Camera\CameraShake</Filter>
    </ClInclude>
    <ClInclude Include="..\Classes\World\Entity\AI\StateMachine\States\StateIdle.h">
      <Filter>src\World\Entity\AI\StateMachine\States</Filter>
    </ClInclude>
    <ClInclude Include="..\Classes\World\Entity\AI\StateMachine\States\AState.h">
      <Filter>src\World\Entity\AI\StateMachine\States</Filter>
    </ClInclude>
    <ClInclude Include="..\Classes\World\Entity\Components\Attack\LongSwordAttackComponent.h">
      <Filter>src\World\Entity\Components\Attack</Filter>
    </ClInclude>
    <ClInclude Include="..\Classes\World\Entity\Components\Attack\RangedAttackComponent.h">
      <Filter>src\World\Entity\Components\Attack</Filter>
    </ClInclude>
    <ClInclude Include="..\Classes\World\Entity\Components\Attack\HitAttackComponent.h">
      <Filter>src\World\Entity\Components\Attack</Filter>
    </ClInclude>
    <ClInclude Include="..\Classes\World\Entity\AI\StateMachine\States\StateSignaling.h">
      <Filter>src\World\Entity\AI\StateMachine\States</Filter>
    </ClInclude>
    <ClInclude Include="..\Classes\World\Entity\AI\StateMachine\States\StatePause.h">
      <Filter>src\World\Entity\AI\StateMachine\States</Filter>
    </ClInclude>
    <ClInclude Include="..\Classes\World\Entity\AI\SpawnPoint.h">
      <Filter>src\World\Entity\AI</Filter>
    </ClInclude>
    <ClInclude Include="..\Classes\World\Entity\AI\SpawnPointConfig.h">
      <Filter>src\World\Entity\AI</Filter>
    </ClInclude>
    <ClInclude Include="..\Classes\Scenes\GameScene.h">
      <Filter>src\Scenes</Filter>
    </ClInclude>
    <ClInclude Include="..\Classes\Scenes\MainMenuScene.h">
      <Filter>src\Scenes</Filter>
    </ClInclude>
    <ClInclude Include="..\Classes\Scenes\GameOverScene.h">
      <Filter>src\Scenes</Filter>
    </ClInclude>
    <ClInclude Include="..\Classes\ScoringSystem\ScoringSystem.h">
      <Filter>src\ScoringSystem</Filter>
    </ClInclude>
    <ClInclude Include="..\Classes\World\Entity\AI\StateMachine\States\Attack\StateAttack.h">
      <Filter>src\World\Entity\AI\StateMachine\States\Attack</Filter>
    </ClInclude>
    <ClInclude Include="..\Classes\World\Entity\AI\StateMachine\States\Attack\StateLineAttack.h">
      <Filter>src\World\Entity\AI\StateMachine\States\Attack</Filter>
    </ClInclude>
    <ClInclude Include="..\Classes\World\Entity\Components\Attack\GenericAttackComponent.h">
      <Filter>src\World\Entity\Components\Attack</Filter>
    </ClInclude>
    <ClInclude Include="..\Classes\World\Projectiles\Projectile.h">
      <Filter>src\World\Projectiles</Filter>
    </ClInclude>
    <ClInclude Include="..\Classes\World\Projectiles\ProjectileConfig.h">
      <Filter>src\World\Projectiles</Filter>
    </ClInclude>
    <ClInclude Include="..\Classes\World\Entity\CustomActions\ActionSequence.h">
      <Filter>src\World\Entity\CustomActions</Filter>
    </ClInclude>
    <ClInclude Include="..\Classes\World\Entity\CustomActions\AI\AIAvoidTargetAction.h">
      <Filter>src\World\Entity\CustomActions\AI</Filter>
    </ClInclude>
    <ClInclude Include="..\Classes\Scenes\LoadingScreenScene.h">
      <Filter>src\Scenes</Filter>
    </ClInclude>
    <ClInclude Include="..\Classes\Scenes\ENextScene.h">
      <Filter>src\Scenes</Filter>
    </ClInclude>
    <ClInclude Include="..\Classes\World\Entity\AI\StateMachine\States\StateAvoid.h">
      <Filter>src\World\Entity\AI\StateMachine\States</Filter>
    </ClInclude>
    <ClInclude Include="..\Classes\World\Entity\Animation\LSAnimation.h" />
    <ClInclude Include="..\Classes\World\Entity\CustomActions\LSAnimate.h" />
    <ClInclude Include="..\Classes\World\Entity\Components\LookAtAITargetComponent.h" />
  </ItemGroup>
  <ItemGroup>
    <ResourceCompile Include="game.rc">
      <Filter>resource</Filter>
    </ResourceCompile>
  </ItemGroup>
</Project>