<?xml version="1.0" encoding="utf-8"?>
<Project ToolsVersion="4.0" xmlns="http://schemas.microsoft.com/developer/msbuild/2003">
  <ItemGroup>
    <Filter Include="win32">
      <UniqueIdentifier>{84a8ebd7-7cf0-47f6-b75e-d441df67da40}</UniqueIdentifier>
    </Filter>
    <Filter Include="resource">
      <UniqueIdentifier>{715254bc-d70b-4ec5-bf29-467dd3ace079}</UniqueIdentifier>
    </Filter>
    <Filter Include="src">
      <UniqueIdentifier>{bb6c862e-70e9-49d9-81b7-3829a6f50471}</UniqueIdentifier>
    </Filter>
    <Filter Include="src\Utils">
      <UniqueIdentifier>{d11e09d1-c309-492f-b1ec-5a357bfed652}</UniqueIdentifier>
    </Filter>
    <Filter Include="src\Input">
      <UniqueIdentifier>{a0c45887-ca1e-4839-a421-3abca7ef2662}</UniqueIdentifier>
    </Filter>
    <Filter Include="src\Input\InputTypes">
      <UniqueIdentifier>{3ffbecca-548c-4f15-8b03-724a708e3d5b}</UniqueIdentifier>
    </Filter>
    <Filter Include="src\Input\InputTypes\Keyboard">
      <UniqueIdentifier>{f75871d4-dcb6-4772-b853-1f05195785db}</UniqueIdentifier>
    </Filter>
    <Filter Include="src\Input\InputTypes\Mouse">
      <UniqueIdentifier>{206068aa-305c-447a-a764-099d3ec4119c}</UniqueIdentifier>
    </Filter>
    <Filter Include="src\Input\InputTypes\GameController">
      <UniqueIdentifier>{8af7186f-c495-4f57-a175-eb64949651a3}</UniqueIdentifier>
    </Filter>
    <Filter Include="src\World">
      <UniqueIdentifier>{d88d87d9-71b5-432c-87b5-83bf700c89da}</UniqueIdentifier>
    </Filter>
    <Filter Include="src\World\Entity">
      <UniqueIdentifier>{b5115797-b4a1-4833-a8be-056db0fd956c}</UniqueIdentifier>
    </Filter>
    <Filter Include="src\World\Entity\Player">
      <UniqueIdentifier>{734dc60e-62e7-4257-b899-ece5e08871a6}</UniqueIdentifier>
    </Filter>
    <Filter Include="src\World\Entity\Components">
      <UniqueIdentifier>{c5bc50c9-245f-457f-ba25-1ec257431706}</UniqueIdentifier>
    </Filter>
    <Filter Include="src\World\Entity\CustomActions">
      <UniqueIdentifier>{5cd679f1-a500-4cda-bf56-26c7dc7244e9}</UniqueIdentifier>
    </Filter>
    <Filter Include="src\World\Entity\AI">
      <UniqueIdentifier>{76963597-271b-41b9-987c-b327d9b13d64}</UniqueIdentifier>
    </Filter>
    <Filter Include="src\World\Entity\AI\StateMachine">
      <UniqueIdentifier>{03d5ddab-0a16-42a4-af4d-af5b747fd45e}</UniqueIdentifier>
    </Filter>
    <Filter Include="src\World\Entity\AI\StateMachine\States">
      <UniqueIdentifier>{dcd833f8-9a73-45fa-8a1f-385d687b6c96}</UniqueIdentifier>
    </Filter>
    <Filter Include="src\Utils\XML">
      <UniqueIdentifier>{db420575-c042-44ec-a9e9-970536e6c990}</UniqueIdentifier>
    </Filter>
    <Filter Include="src\World\Entity\Ammo">
      <UniqueIdentifier>{522ed146-dc0a-4cea-beb5-3e0cb6494630}</UniqueIdentifier>
    </Filter>
    <Filter Include="src\World\Physics">
      <UniqueIdentifier>{6e0cdc4d-6d35-4890-a1fd-7ed05b502dd0}</UniqueIdentifier>
    </Filter>
    <Filter Include="src\UI">
      <UniqueIdentifier>{85337072-40c3-4f82-ae68-7a6ebaac54b8}</UniqueIdentifier>
    </Filter>
    <Filter Include="src\UI\InGameIndicators">
      <UniqueIdentifier>{c2b53128-5850-45b2-b177-0be2d4231c4e}</UniqueIdentifier>
    </Filter>
    <Filter Include="src\Events">
      <UniqueIdentifier>{301eeaac-0e7a-439b-8505-c8e22b6c876a}</UniqueIdentifier>
    </Filter>
    <Filter Include="src\3rdParty">
      <UniqueIdentifier>{367aa1f2-478b-4c8b-9b3a-e8f63d5aef7d}</UniqueIdentifier>
    </Filter>
    <Filter Include="src\3rdParty\Physics">
      <UniqueIdentifier>{bec094be-3bb9-48bc-b2f4-b2d214d3bf7b}</UniqueIdentifier>
    </Filter>
  </ItemGroup>
  <ItemGroup>
    <ClCompile Include="main.cpp">
      <Filter>win32</Filter>
    </ClCompile>
    <ClCompile Include="..\Classes\AppDelegate.cpp">
      <Filter>src</Filter>
    </ClCompile>
    <ClCompile Include="..\Classes\HelloWorldScene.cpp">
      <Filter>src</Filter>
    </ClCompile>
    <ClCompile Include="..\Classes\Utils\Utils.cpp">
      <Filter>src\Utils</Filter>
    </ClCompile>
    <ClCompile Include="..\Classes\Utils\AnimationUtils.cpp">
      <Filter>src\Utils</Filter>
    </ClCompile>
    <ClCompile Include="..\Classes\Input\GameInput.cpp">
      <Filter>src\Input</Filter>
    </ClCompile>
    <ClCompile Include="..\Classes\Input\InputTypes\Keyboard\KeyboardInput.cpp">
      <Filter>src\Input\InputTypes\Keyboard</Filter>
    </ClCompile>
    <ClCompile Include="..\Classes\Input\InputTypes\Mouse\MouseInput.cpp">
      <Filter>src\Input\InputTypes\Mouse</Filter>
    </ClCompile>
    <ClCompile Include="..\Classes\Input\InputTypes\AInputDevice.cpp">
      <Filter>src\Input\InputTypes</Filter>
    </ClCompile>
    <ClCompile Include="..\Classes\Input\InputTypes\GameController\GameControllerInput.cpp">
      <Filter>src\Input\InputTypes\GameController</Filter>
    </ClCompile>
    <ClCompile Include="..\Classes\World\World.cpp">
      <Filter>src\World</Filter>
    </ClCompile>
    <ClCompile Include="..\Classes\World\Entity\AI\AIAgent.cpp">
      <Filter>src\World\Entity\AI</Filter>
    </ClCompile>
    <ClCompile Include="..\Classes\World\Entity\AI\StateMachine\StateMachine.cpp">
      <Filter>src\World\Entity\AI\StateMachine</Filter>
    </ClCompile>
    <ClCompile Include="..\Classes\World\Entity\AI\StateMachine\States\StateAttack.cpp">
      <Filter>src\World\Entity\AI\StateMachine\States</Filter>
    </ClCompile>
    <ClCompile Include="..\Classes\World\Entity\AI\StateMachine\States\StateChase.cpp">
      <Filter>src\World\Entity\AI\StateMachine\States</Filter>
    </ClCompile>
    <ClCompile Include="..\Classes\World\Entity\Player\Player.cpp">
      <Filter>src\World\Entity\Player</Filter>
    </ClCompile>
    <ClCompile Include="..\Classes\World\Entity\Entity.cpp">
      <Filter>src\World\Entity</Filter>
    </ClCompile>
    <ClCompile Include="..\Classes\World\Entity\AI\AIAgentManager.cpp">
      <Filter>src\World\Entity\AI</Filter>
    </ClCompile>
    <ClCompile Include="..\Classes\Utils\XML\XMLLoader.cpp">
      <Filter>src\Utils\XML</Filter>
    </ClCompile>
    <ClCompile Include="..\Classes\World\Entity\Components\MirrorSpriteComponent.cpp">
      <Filter>src\World\Entity\Components</Filter>
    </ClCompile>
    <ClCompile Include="..\Classes\World\Entity\Components\PlayerAnimComponent.cpp">
      <Filter>src\World\Entity\Components</Filter>
    </ClCompile>
    <ClCompile Include="..\Classes\World\Entity\CustomActions\CameraFallow.cpp">
      <Filter>src\World\Entity\CustomActions</Filter>
    </ClCompile>
    <ClCompile Include="..\Classes\World\Entity\AI\StateMachine\States\StatePatrol.cpp">
      <Filter>src\World\Entity\AI\StateMachine\States</Filter>
    </ClCompile>
    <ClCompile Include="..\Classes\World\Entity\CustomActions\ChaseAction.cpp">
      <Filter>src\World\Entity\CustomActions</Filter>
    </ClCompile>
    <ClCompile Include="..\Classes\World\Entity\Components\RangedAttackComponent.cpp">
      <Filter>src\World\Entity\Components</Filter>
    </ClCompile>
    <ClCompile Include="..\Classes\World\Entity\Ammo\Arrow.cpp">
      <Filter>src\World\Entity\Ammo</Filter>
    </ClCompile>
    <ClCompile Include="..\Classes\World\Entity\Components\LongSwordAttackComponent.cpp">
      <Filter>src\World\Entity\Components</Filter>
    </ClCompile>
    <ClCompile Include="..\Classes\World\Entity\Components\AttackComponent.cpp">
      <Filter>src\World\Entity\Components</Filter>
    </ClCompile>
    <ClCompile Include="..\Classes\World\Entity\Components\AIAnimComponent.cpp">
      <Filter>src\World\Entity\Components</Filter>
    </ClCompile>
    <ClCompile Include="..\Classes\World\Physics\PhysicsManager.cpp">
      <Filter>src\World\Physics</Filter>
    </ClCompile>
    <ClCompile Include="..\Classes\World\Physics\PhysicsBodyConfig.cpp">
      <Filter>src\World\Physics</Filter>
    </ClCompile>
    <ClCompile Include="..\Classes\UI\UIElementConfig.cpp">
      <Filter>src\UI</Filter>
    </ClCompile>
    <ClCompile Include="..\Classes\UI\InGameIndicators\ProgressBar.cpp">
      <Filter>src\UI\InGameIndicators</Filter>
    </ClCompile>
    <ClCompile Include="..\Classes\Events\HealthChangedEventData.cpp">
      <Filter>src\Events</Filter>
    </ClCompile>
    <ClCompile Include="..\Classes\Events\IEventData.cpp">
      <Filter>src\Events</Filter>
    </ClCompile>
    <ClCompile Include="..\Classes\World\Entity\CustomActions\ActionSequence.cpp">
      <Filter>src\World\Entity\CustomActions</Filter>
    </ClCompile>
    <ClCompile Include="..\Classes\3rdParty\Physics\PhysicsShapeCache.cpp">
      <Filter>src\3rdParty\Physics</Filter>
    </ClCompile>
  </ItemGroup>
  <ItemGroup>
    <ClInclude Include="main.h">
      <Filter>win32</Filter>
    </ClInclude>
    <ClInclude Include="..\Classes\AppDelegate.h">
      <Filter>src</Filter>
    </ClInclude>
    <ClInclude Include="..\Classes\HelloWorldScene.h">
      <Filter>src</Filter>
    </ClInclude>
    <ClInclude Include="..\Classes\Utils\Utils.h">
      <Filter>src\Utils</Filter>
    </ClInclude>
    <ClInclude Include="..\Classes\GameConsts.h">
      <Filter>src</Filter>
    </ClInclude>
    <ClInclude Include="..\Classes\Utils\AnimationUtils.h">
      <Filter>src\Utils</Filter>
    </ClInclude>
    <ClInclude Include="..\Classes\Input\GameInput.h">
      <Filter>src\Input</Filter>
    </ClInclude>
    <ClInclude Include="..\Classes\Input\InputTypes\Keyboard\KeyboardInput.h">
      <Filter>src\Input\InputTypes\Keyboard</Filter>
    </ClInclude>
    <ClInclude Include="..\Classes\Input\InputTypes\Mouse\MouseInput.h">
      <Filter>src\Input\InputTypes\Mouse</Filter>
    </ClInclude>
    <ClInclude Include="..\Classes\Input\InputTypes\AInputDevice.h">
      <Filter>src\Input\InputTypes</Filter>
    </ClInclude>
    <ClInclude Include="..\Classes\Input\InputTypes\GameController\GameControllerInput.h">
      <Filter>src\Input\InputTypes\GameController</Filter>
    </ClInclude>
    <ClInclude Include="..\Classes\World\World.h">
      <Filter>src\World</Filter>
    </ClInclude>
    <ClInclude Include="..\Classes\World\Entity\AI\AIAgent.h">
      <Filter>src\World\Entity\AI</Filter>
    </ClInclude>
    <ClInclude Include="..\Classes\World\Entity\AI\StateMachine\StateMachine.h">
      <Filter>src\World\Entity\AI\StateMachine</Filter>
    </ClInclude>
    <ClInclude Include="..\Classes\World\Entity\AI\StateMachine\States\StateAttack.h">
      <Filter>src\World\Entity\AI\StateMachine\States</Filter>
    </ClInclude>
    <ClInclude Include="..\Classes\World\Entity\AI\StateMachine\States\StateChase.h">
      <Filter>src\World\Entity\AI\StateMachine\States</Filter>
    </ClInclude>
    <ClInclude Include="..\Classes\World\Entity\AI\StateMachine\States\IState.h">
      <Filter>src\World\Entity\AI\StateMachine\States</Filter>
    </ClInclude>
    <ClInclude Include="..\Classes\World\Entity\Player\Player.h">
      <Filter>src\World\Entity\Player</Filter>
    </ClInclude>
    <ClInclude Include="..\Classes\World\Entity\Entity.h">
      <Filter>src\World\Entity</Filter>
    </ClInclude>
    <ClInclude Include="..\Classes\World\Entity\AI\AIAgentManager.h">
      <Filter>src\World\Entity\AI</Filter>
    </ClInclude>
    <ClInclude Include="..\Classes\Utils\XML\XMLLoader.h">
      <Filter>src\Utils\XML</Filter>
    </ClInclude>
    <ClInclude Include="..\Classes\Utils\XML\XMLConsts.h">
      <Filter>src\Utils\XML</Filter>
    </ClInclude>
    <ClInclude Include="..\Classes\World\Entity\Components\MirrorSpriteComponent.h">
      <Filter>src\World\Entity\Components</Filter>
    </ClInclude>
    <ClInclude Include="..\Classes\World\Entity\Components\PlayerAnimComponent.h">
      <Filter>src\World\Entity\Components</Filter>
    </ClInclude>
    <ClInclude Include="..\Classes\World\Entity\CustomActions\CameraFallow.h">
      <Filter>src\World\Entity\CustomActions</Filter>
    </ClInclude>
    <ClInclude Include="..\Classes\World\Entity\AI\StateMachine\States\StatePatrol.h">
      <Filter>src\World\Entity\AI\StateMachine\States</Filter>
    </ClInclude>
    <ClInclude Include="..\Classes\World\Entity\CustomActions\ChaseAction.h">
      <Filter>src\World\Entity\CustomActions</Filter>
    </ClInclude>
    <ClInclude Include="..\Classes\World\Entity\Components\RangedAttackComponent.h">
      <Filter>src\World\Entity\Components</Filter>
    </ClInclude>
    <ClInclude Include="..\Classes\World\Entity\Ammo\Arrow.h">
      <Filter>src\World\Entity\Ammo</Filter>
    </ClInclude>
    <ClInclude Include="..\Classes\World\Entity\Components\AttackComponent.h">
      <Filter>src\World\Entity\Components</Filter>
    </ClInclude>
    <ClInclude Include="..\Classes\World\Entity\Components\LongSwordAttackComponent.h">
      <Filter>src\World\Entity\Components</Filter>
    </ClInclude>
    <ClInclude Include="..\Classes\World\Entity\Components\AIAnimComponent.h">
      <Filter>src\World\Entity\Components</Filter>
    </ClInclude>
    <ClInclude Include="..\Classes\World\Physics\PhysicsManager.h">
      <Filter>src\World\Physics</Filter>
    </ClInclude>
    <ClInclude Include="..\Classes\World\Physics\PhysicsBodyConfig.h">
      <Filter>src\World\Physics</Filter>
    </ClInclude>
    <ClInclude Include="..\Classes\UI\UIElementConfig.h">
      <Filter>src\UI</Filter>
    </ClInclude>
    <ClInclude Include="..\Classes\UI\InGameIndicators\ProgressBar.h">
      <Filter>src\UI\InGameIndicators</Filter>
    </ClInclude>
    <ClInclude Include="..\Classes\Events\HealthChangedEventData.h">
      <Filter>src\Events</Filter>
    </ClInclude>
    <ClInclude Include="..\Classes\Events\IEventData.h">
      <Filter>src\Events</Filter>
    </ClInclude>
    <ClInclude Include="..\Classes\World\Entity\CustomActions\ActionSequence.h">
      <Filter>src\World\Entity\CustomActions</Filter>
    </ClInclude>
    <ClInclude Include="..\Classes\3rdParty\Physics\PhysicsShapeCache.h">
      <Filter>src\3rdParty\Physics</Filter>
    </ClInclude>
  </ItemGroup>
  <ItemGroup>
    <ResourceCompile Include="game.rc">
      <Filter>resource</Filter>
    </ResourceCompile>
  </ItemGroup>
</Project>